
Microsoft Visual Studio Solution File, Format Version 12.00
# Visual Studio 15
Project("{FAE04EC0-301F-11D3-BF4B-00C04F79EFBC}") = "Assembly-CSharp", "Assembly-CSharp.csproj", "{E0D3B043-2907-D85D-7A50-2E32474B5383}"
EndProject
Project("{FAE04EC0-301F-11D3-BF4B-00C04F79EFBC}") = "Assembly-CSharp-Editor", "Assembly-CSharp-Editor.csproj", "{F3179AFE-87C5-9503-1F84-6EDE88E556D8}"
EndProject
Global
	GlobalSection(SolutionConfigurationPlatforms) = preSolution
		Debug|Any CPU = Debug|Any CPU
		Release|Any CPU = Release|Any CPU
	EndGlobalSection
	GlobalSection(ProjectConfigurationPlatforms) = postSolution
		{E0D3B043-2907-D85D-7A50-2E32474B5383}.Debug|Any CPU.ActiveCfg = Debug|Any CPU
		{E0D3B043-2907-D85D-7A50-2E32474B5383}.Debug|Any CPU.Build.0 = Debug|Any CPU
		{E0D3B043-2907-D85D-7A50-2E32474B5383}.Release|Any CPU.ActiveCfg = Release|Any CPU
		{E0D3B043-2907-D85D-7A50-2E32474B5383}.Release|Any CPU.Build.0 = Release|Any CPU
		{F3179AFE-87C5-9503-1F84-6EDE88E556D8}.Debug|Any CPU.ActiveCfg = Debug|Any CPU
		{F3179AFE-87C5-9503-1F84-6EDE88E556D8}.Debug|Any CPU.Build.0 = Debug|Any CPU
		{F3179AFE-87C5-9503-1F84-6EDE88E556D8}.Release|Any CPU.ActiveCfg = Release|Any CPU
		{F3179AFE-87C5-9503-1F84-6EDE88E556D8}.Release|Any CPU.Build.0 = Release|Any CPU
	EndGlobalSection
	GlobalSection(SolutionProperties) = preSolution
		HideSolutionNode = FALSE
	EndGlobalSection
EndGlobal
